// !$*UTF8*$!
{
	archiveVersion = 1;
	classes = {
	};
	objectVersion = 46;
	objects = {

/* Begin PBXBuildFile section */
		B69F883A153E9B1E003044BF /* SliderBlockView.xib in Resources */ = {isa = PBXBuildFile; fileRef = B69F8839153E9B1E003044BF /* SliderBlockView.xib */; };
		B6A11BDB1547AC0100456A6E /* TagView.xib in Resources */ = {isa = PBXBuildFile; fileRef = B6A11BDA1547AC0100456A6E /* TagView.xib */; };
		B6A4E3591564AD8C00C27B15 /* list_bg.png in Resources */ = {isa = PBXBuildFile; fileRef = B6A4E3581564AD8C00C27B15 /* list_bg.png */; };
		B6A4E3671564D32B00C27B15 /* button_add_h.png in Resources */ = {isa = PBXBuildFile; fileRef = B6A4E35A1564D32600C27B15 /* button_add_h.png */; };
		B6A4E3681564D32B00C27B15 /* button_back_hover.png in Resources */ = {isa = PBXBuildFile; fileRef = B6A4E35B1564D32700C27B15 /* button_back_hover.png */; };
		B6A4E3691564D32B00C27B15 /* button_done_hover.png in Resources */ = {isa = PBXBuildFile; fileRef = B6A4E35C1564D32700C27B15 /* button_done_hover.png */; };
		B6A4E36A1564D32B00C27B15 /* button_left_h.png in Resources */ = {isa = PBXBuildFile; fileRef = B6A4E35D1564D32800C27B15 /* button_left_h.png */; };
		B6A4E36B1564D32B00C27B15 /* button_pause_h.png in Resources */ = {isa = PBXBuildFile; fileRef = B6A4E35E1564D32800C27B15 /* button_pause_h.png */; };
		B6A4E36C1564D32B00C27B15 /* button_play_h.png in Resources */ = {isa = PBXBuildFile; fileRef = B6A4E35F1564D32800C27B15 /* button_play_h.png */; };
		B6A4E36D1564D32B00C27B15 /* button_rec_hover.png in Resources */ = {isa = PBXBuildFile; fileRef = B6A4E3601564D32900C27B15 /* button_rec_hover.png */; };
		B6A4E36E1564D32B00C27B15 /* button_recpause_hover.png in Resources */ = {isa = PBXBuildFile; fileRef = B6A4E3611564D32900C27B15 /* button_recpause_hover.png */; };
		B6A4E36F1564D32B00C27B15 /* button_recpause.png in Resources */ = {isa = PBXBuildFile; fileRef = B6A4E3621564D32900C27B15 /* button_recpause.png */; };
		B6A4E3701564D32B00C27B15 /* button_right_h.png in Resources */ = {isa = PBXBuildFile; fileRef = B6A4E3631564D32A00C27B15 /* button_right_h.png */; };
		B6A4E3711564D32B00C27B15 /* button_setting_hover.png in Resources */ = {isa = PBXBuildFile; fileRef = B6A4E3641564D32A00C27B15 /* button_setting_hover.png */; };
		B6A4E3721564D32B00C27B15 /* guide_01.png in Resources */ = {isa = PBXBuildFile; fileRef = B6A4E3651564D32A00C27B15 /* guide_01.png */; };
		B6A4E3731564D32B00C27B15 /* guide_02.png in Resources */ = {isa = PBXBuildFile; fileRef = B6A4E3661564D32A00C27B15 /* guide_02.png */; };
		B6A4E3751564EA0000C27B15 /* button_rec.png in Resources */ = {isa = PBXBuildFile; fileRef = B6A4E3741564E9FF00C27B15 /* button_rec.png */; };
		B6A4E3771564F13D00C27B15 /* list_bg_hover.png in Resources */ = {isa = PBXBuildFile; fileRef = B6A4E3761564F13B00C27B15 /* list_bg_hover.png */; };
		B6A4E3791564F14C00C27B15 /* note_point02.png in Resources */ = {isa = PBXBuildFile; fileRef = B6A4E3781564F14A00C27B15 /* note_point02.png */; };
		B6A5489515634A22002331B8 /* button_left.png in Resources */ = {isa = PBXBuildFile; fileRef = B6A5489215634A22002331B8 /* button_left.png */; };
		B6A5489615634A22002331B8 /* button_pause.png in Resources */ = {isa = PBXBuildFile; fileRef = B6A5489315634A22002331B8 /* button_pause.png */; };
		B6A5489715634A22002331B8 /* button_play.png in Resources */ = {isa = PBXBuildFile; fileRef = B6A5489415634A22002331B8 /* button_play.png */; };
		B6A5489A15634A30002331B8 /* button_right.png in Resources */ = {isa = PBXBuildFile; fileRef = B6A5489915634A30002331B8 /* button_right.png */; };
		B6A5489C15634B42002331B8 /* button_add.png in Resources */ = {isa = PBXBuildFile; fileRef = B6A5489B15634B42002331B8 /* button_add.png */; };
		B6A5489F15639F24002331B8 /* osc_off.png in Resources */ = {isa = PBXBuildFile; fileRef = B6A5489D15639F24002331B8 /* osc_off.png */; };
		B6A548A015639F24002331B8 /* osc_on.png in Resources */ = {isa = PBXBuildFile; fileRef = B6A5489E15639F24002331B8 /* osc_on.png */; };
		B6A9741B155CBECA004B471D /* button_edit.png in Resources */ = {isa = PBXBuildFile; fileRef = B6A973FC155CBEC9004B471D /* button_edit.png */; };
		B6A97421155CBECA004B471D /* filesize_bg.png in Resources */ = {isa = PBXBuildFile; fileRef = B6A97402155CBECA004B471D /* filesize_bg.png */; };
		B6A97423155CBECA004B471D /* icons_audiotape.png in Resources */ = {isa = PBXBuildFile; fileRef = B6A97404155CBECA004B471D /* icons_audiotape.png */; };
		B6A97427155CBECA004B471D /* logo.png in Resources */ = {isa = PBXBuildFile; fileRef = B6A97408155CBECA004B471D /* logo.png */; };
		B6A97428155CBECA004B471D /* note_bg.png in Resources */ = {isa = PBXBuildFile; fileRef = B6A97409155CBECA004B471D /* note_bg.png */; };
		B6A97429155CBECA004B471D /* note_point.png in Resources */ = {isa = PBXBuildFile; fileRef = B6A9740A155CBECA004B471D /* note_point.png */; };
		B6AB0B4F1558C71F005605E0 /* OverlayView.xib in Resources */ = {isa = PBXBuildFile; fileRef = B6AB0B4E1558C71F005605E0 /* OverlayView.xib */; };
		B6AB6931154A2AD900DE4A35 /* MainViewCell.xib in Resources */ = {isa = PBXBuildFile; fileRef = B6AB6930154A2AD900DE4A35 /* MainViewCell.xib */; };
		B6AB6942154A407300DE4A35 /* grayArrow.png in Resources */ = {isa = PBXBuildFile; fileRef = B6AB693A154A407300DE4A35 /* grayArrow.png */; };
		B6AB6943154A407300DE4A35 /* grayArrow@2x.png in Resources */ = {isa = PBXBuildFile; fileRef = B6AB693B154A407300DE4A35 /* grayArrow@2x.png */; };
		B6AB6944154A407300DE4A35 /* blackArrow.png in Resources */ = {isa = PBXBuildFile; fileRef = B6AB693C154A407300DE4A35 /* blackArrow.png */; };
		B6AB6945154A407300DE4A35 /* blackArrow@2x.png in Resources */ = {isa = PBXBuildFile; fileRef = B6AB693D154A407300DE4A35 /* blackArrow@2x.png */; };
		B6AB6946154A407300DE4A35 /* blueArrow.png in Resources */ = {isa = PBXBuildFile; fileRef = B6AB693E154A407300DE4A35 /* blueArrow.png */; };
		B6AB6947154A407300DE4A35 /* blueArrow@2x.png in Resources */ = {isa = PBXBuildFile; fileRef = B6AB693F154A407300DE4A35 /* blueArrow@2x.png */; };
		B6AB6948154A407300DE4A35 /* whiteArrow.png in Resources */ = {isa = PBXBuildFile; fileRef = B6AB6940154A407300DE4A35 /* whiteArrow.png */; };
		B6AB6949154A407300DE4A35 /* whiteArrow@2x.png in Resources */ = {isa = PBXBuildFile; fileRef = B6AB6941154A407300DE4A35 /* whiteArrow@2x.png */; };
		B6AB694D154A40C000DE4A35 /* EGORefreshTableHeaderView.m in Sources */ = {isa = PBXBuildFile; fileRef = B6AB694C154A40C000DE4A35 /* EGORefreshTableHeaderView.m */; };
		B6AB694F154A4D8B00DE4A35 /* QuartzCore.framework in Frameworks */ = {isa = PBXBuildFile; fileRef = B6AB694E154A4D8B00DE4A35 /* QuartzCore.framework */; };
		B6AB6958154A95E300DE4A35 /* WaitingView.xib in Resources */ = {isa = PBXBuildFile; fileRef = B6AB6957154A95E300DE4A35 /* WaitingView.xib */; };
		B6AD73E31540F8D000C0BDEB /* AVFoundation.framework in Frameworks */ = {isa = PBXBuildFile; fileRef = B6AD73E21540F8D000C0BDEB /* AVFoundation.framework */; };
		B6AF5C90153BAC9E0025E5A3 /* UIKit.framework in Frameworks */ = {isa = PBXBuildFile; fileRef = B6AF5C8F153BAC9E0025E5A3 /* UIKit.framework */; };
		B6AF5C92153BAC9E0025E5A3 /* Foundation.framework in Frameworks */ = {isa = PBXBuildFile; fileRef = B6AF5C91153BAC9E0025E5A3 /* Foundation.framework */; };
		B6AF5C94153BAC9E0025E5A3 /* CoreGraphics.framework in Frameworks */ = {isa = PBXBuildFile; fileRef = B6AF5C93153BAC9E0025E5A3 /* CoreGraphics.framework */; };
		B6AF5C9A153BAC9E0025E5A3 /* InfoPlist.strings in Resources */ = {isa = PBXBuildFile; fileRef = B6AF5C98153BAC9E0025E5A3 /* InfoPlist.strings */; };
		B6AF5C9C153BAC9E0025E5A3 /* main.m in Sources */ = {isa = PBXBuildFile; fileRef = B6AF5C9B153BAC9E0025E5A3 /* main.m */; };
		B6AF5CA0153BAC9E0025E5A3 /* AppDelegate.m in Sources */ = {isa = PBXBuildFile; fileRef = B6AF5C9F153BAC9E0025E5A3 /* AppDelegate.m */; };
		B6AF5CBE153C10BD0025E5A3 /* RecordingViewController.m in Sources */ = {isa = PBXBuildFile; fileRef = B6AF5CBC153C10BD0025E5A3 /* RecordingViewController.m */; };
		B6AF5CBF153C10BD0025E5A3 /* RecordingViewController.xib in Resources */ = {isa = PBXBuildFile; fileRef = B6AF5CBD153C10BD0025E5A3 /* RecordingViewController.xib */; };
		B6AF9651154BDF0300CA87A4 /* overlay2.png in Resources */ = {isa = PBXBuildFile; fileRef = B6AF9650154BDF0300CA87A4 /* overlay2.png */; };
		B6BA4DB01548DD9B003D1C91 /* EditingView.xib in Resources */ = {isa = PBXBuildFile; fileRef = B6BA4DAF1548DD9B003D1C91 /* EditingView.xib */; };
		B6BA4DB31548E260003D1C91 /* overlay.png in Resources */ = {isa = PBXBuildFile; fileRef = B6BA4DB21548E260003D1C91 /* overlay.png */; };
		B6BA4DB51548EFE3003D1C91 /* arrow.png in Resources */ = {isa = PBXBuildFile; fileRef = B6BA4DB41548EFE3003D1C91 /* arrow.png */; };
		B6BA4DB815492363003D1C91 /* TagSliderView.m in Sources */ = {isa = PBXBuildFile; fileRef = B6BA4DB715492363003D1C91 /* TagSliderView.m */; };
		B6C7E3B1156228BF00C10653 /* MainViewCell.m in Sources */ = {isa = PBXBuildFile; fileRef = B6C7E3B0156228BF00C10653 /* MainViewCell.m */; };
		B6CC67831559FFE600AA81E2 /* TempView.xib in Resources */ = {isa = PBXBuildFile; fileRef = B6CC67821559FFE600AA81E2 /* TempView.xib */; };
		B6CC6787155A422F00AA81E2 /* wheel.png in Resources */ = {isa = PBXBuildFile; fileRef = B6CC6786155A422F00AA81E2 /* wheel.png */; };
		B6D235AC1560989F00598F8A /* UINavigationBar+Customized.m in Sources */ = {isa = PBXBuildFile; fileRef = B6D235AB1560989F00598F8A /* UINavigationBar+Customized.m */; };
		B6D235C51560E05900598F8A /* top_land.png in Resources */ = {isa = PBXBuildFile; fileRef = B6D235C31560E05800598F8A /* top_land.png */; };
		B6D235C61560E05900598F8A /* top_port.png in Resources */ = {isa = PBXBuildFile; fileRef = B6D235C41560E05800598F8A /* top_port.png */; };
		B6D235C81560E0E400598F8A /* bottom_01.png in Resources */ = {isa = PBXBuildFile; fileRef = B6D235C71560E0E400598F8A /* bottom_01.png */; };
		B6D235CA1560E11A00598F8A /* button_back.png in Resources */ = {isa = PBXBuildFile; fileRef = B6D235C91560E11A00598F8A /* button_back.png */; };
		B6D235CC1560E3BE00598F8A /* button_setting.png in Resources */ = {isa = PBXBuildFile; fileRef = B6D235CB1560E3BE00598F8A /* button_setting.png */; };
		B6D235CE1560E58100598F8A /* button_done.png in Resources */ = {isa = PBXBuildFile; fileRef = B6D235CD1560E58000598F8A /* button_done.png */; };
		B6D235D01560EB5C00598F8A /* bg.png in Resources */ = {isa = PBXBuildFile; fileRef = B6D235CF1560EB5C00598F8A /* bg.png */; };
		B6D235D21560F8CF00598F8A /* shape_audiotape_bg.png in Resources */ = {isa = PBXBuildFile; fileRef = B6D235D11560F8CF00598F8A /* shape_audiotape_bg.png */; };
		B6D235D41560F8E400598F8A /* shape_audiotape.png in Resources */ = {isa = PBXBuildFile; fileRef = B6D235D31560F8E400598F8A /* shape_audiotape.png */; };
		B6D235D61560FA7300598F8A /* shape_audiotape03.png in Resources */ = {isa = PBXBuildFile; fileRef = B6D235D51560FA7300598F8A /* shape_audiotape03.png */; };
		B6D235D81561005500598F8A /* top.png in Resources */ = {isa = PBXBuildFile; fileRef = B6D235D71561005400598F8A /* top.png */; };
		B6E41D05153D062800FC3366 /* MainViewController.m in Sources */ = {isa = PBXBuildFile; fileRef = B6E41D03153D062800FC3366 /* MainViewController.m */; };
		B6E41D06153D062800FC3366 /* MainViewController.xib in Resources */ = {isa = PBXBuildFile; fileRef = B6E41D04153D062800FC3366 /* MainViewController.xib */; };
		B6E41D09153D0EC200FC3366 /* CustomCellView.xib in Resources */ = {isa = PBXBuildFile; fileRef = B6E41D08153D0EC200FC3366 /* CustomCellView.xib */; };
		B6E41D0C153D175400FC3366 /* newsstand_default.png in Resources */ = {isa = PBXBuildFile; fileRef = B6E41D0B153D175400FC3366 /* newsstand_default.png */; };
		B6E41D17153D312600FC3366 /* PlaybackViewController.m in Sources */ = {isa = PBXBuildFile; fileRef = B6E41D15153D312600FC3366 /* PlaybackViewController.m */; };
		B6E41D18153D312600FC3366 /* PlaybackViewController.xib in Resources */ = {isa = PBXBuildFile; fileRef = B6E41D16153D312600FC3366 /* PlaybackViewController.xib */; };
		B6F37E1415400FE200C46C84 /* MAlertView.m in Sources */ = {isa = PBXBuildFile; fileRef = B6F37E1315400FE200C46C84 /* MAlertView.m */; };
/* End PBXBuildFile section */

/* Begin PBXFileReference section */
		B69F8839153E9B1E003044BF /* SliderBlockView.xib */ = {isa = PBXFileReference; fileEncoding = 4; lastKnownFileType = file.xib; path = SliderBlockView.xib; sourceTree = "<group>"; };
		B6A11BDA1547AC0100456A6E /* TagView.xib */ = {isa = PBXFileReference; fileEncoding = 4; lastKnownFileType = file.xib; path = TagView.xib; sourceTree = "<group>"; };
		B6A4E3581564AD8C00C27B15 /* list_bg.png */ = {isa = PBXFileReference; lastKnownFileType = image.png; path = list_bg.png; sourceTree = "<group>"; };
		B6A4E35A1564D32600C27B15 /* button_add_h.png */ = {isa = PBXFileReference; lastKnownFileType = image.png; path = button_add_h.png; sourceTree = "<group>"; };
		B6A4E35B1564D32700C27B15 /* button_back_hover.png */ = {isa = PBXFileReference; lastKnownFileType = image.png; path = button_back_hover.png; sourceTree = "<group>"; };
		B6A4E35C1564D32700C27B15 /* button_done_hover.png */ = {isa = PBXFileReference; lastKnownFileType = image.png; path = button_done_hover.png; sourceTree = "<group>"; };
		B6A4E35D1564D32800C27B15 /* button_left_h.png */ = {isa = PBXFileReference; lastKnownFileType = image.png; path = button_left_h.png; sourceTree = "<group>"; };
		B6A4E35E1564D32800C27B15 /* button_pause_h.png */ = {isa = PBXFileReference; lastKnownFileType = image.png; path = button_pause_h.png; sourceTree = "<group>"; };
		B6A4E35F1564D32800C27B15 /* button_play_h.png */ = {isa = PBXFileReference; lastKnownFileType = image.png; path = button_play_h.png; sourceTree = "<group>"; };
		B6A4E3601564D32900C27B15 /* button_rec_hover.png */ = {isa = PBXFileReference; lastKnownFileType = image.png; path = button_rec_hover.png; sourceTree = "<group>"; };
		B6A4E3611564D32900C27B15 /* button_recpause_hover.png */ = {isa = PBXFileReference; lastKnownFileType = image.png; path = button_recpause_hover.png; sourceTree = "<group>"; };
		B6A4E3621564D32900C27B15 /* button_recpause.png */ = {isa = PBXFileReference; lastKnownFileType = image.png; path = button_recpause.png; sourceTree = "<group>"; };
		B6A4E3631564D32A00C27B15 /* button_right_h.png */ = {isa = PBXFileReference; lastKnownFileType = image.png; path = button_right_h.png; sourceTree = "<group>"; };
		B6A4E3641564D32A00C27B15 /* button_setting_hover.png */ = {isa = PBXFileReference; lastKnownFileType = image.png; path = button_setting_hover.png; sourceTree = "<group>"; };
		B6A4E3651564D32A00C27B15 /* guide_01.png */ = {isa = PBXFileReference; lastKnownFileType = image.png; path = guide_01.png; sourceTree = "<group>"; };
		B6A4E3661564D32A00C27B15 /* guide_02.png */ = {isa = PBXFileReference; lastKnownFileType = image.png; path = guide_02.png; sourceTree = "<group>"; };
		B6A4E3741564E9FF00C27B15 /* button_rec.png */ = {isa = PBXFileReference; lastKnownFileType = image.png; path = button_rec.png; sourceTree = "<group>"; };
		B6A4E3761564F13B00C27B15 /* list_bg_hover.png */ = {isa = PBXFileReference; lastKnownFileType = image.png; path = list_bg_hover.png; sourceTree = "<group>"; };
		B6A4E3781564F14A00C27B15 /* note_point02.png */ = {isa = PBXFileReference; lastKnownFileType = image.png; path = note_point02.png; sourceTree = "<group>"; };
		B6A5489215634A22002331B8 /* button_left.png */ = {isa = PBXFileReference; lastKnownFileType = image.png; path = button_left.png; sourceTree = "<group>"; };
		B6A5489315634A22002331B8 /* button_pause.png */ = {isa = PBXFileReference; lastKnownFileType = image.png; path = button_pause.png; sourceTree = "<group>"; };
		B6A5489415634A22002331B8 /* button_play.png */ = {isa = PBXFileReference; lastKnownFileType = image.png; path = button_play.png; sourceTree = "<group>"; };
		B6A5489915634A30002331B8 /* button_right.png */ = {isa = PBXFileReference; lastKnownFileType = image.png; path = button_right.png; sourceTree = "<group>"; };
		B6A5489B15634B42002331B8 /* button_add.png */ = {isa = PBXFileReference; lastKnownFileType = image.png; path = button_add.png; sourceTree = "<group>"; };
		B6A5489D15639F24002331B8 /* osc_off.png */ = {isa = PBXFileReference; lastKnownFileType = image.png; path = osc_off.png; sourceTree = "<group>"; };
		B6A5489E15639F24002331B8 /* osc_on.png */ = {isa = PBXFileReference; lastKnownFileType = image.png; path = osc_on.png; sourceTree = "<group>"; };
		B6A973FC155CBEC9004B471D /* button_edit.png */ = {isa = PBXFileReference; lastKnownFileType = image.png; path = button_edit.png; sourceTree = "<group>"; };
		B6A97402155CBECA004B471D /* filesize_bg.png */ = {isa = PBXFileReference; lastKnownFileType = image.png; path = filesize_bg.png; sourceTree = "<group>"; };
		B6A97404155CBECA004B471D /* icons_audiotape.png */ = {isa = PBXFileReference; lastKnownFileType = image.png; path = icons_audiotape.png; sourceTree = "<group>"; };
		B6A97408155CBECA004B471D /* logo.png */ = {isa = PBXFileReference; lastKnownFileType = image.png; path = logo.png; sourceTree = "<group>"; };
		B6A97409155CBECA004B471D /* note_bg.png */ = {isa = PBXFileReference; lastKnownFileType = image.png; path = note_bg.png; sourceTree = "<group>"; };
		B6A9740A155CBECA004B471D /* note_point.png */ = {isa = PBXFileReference; lastKnownFileType = image.png; path = note_point.png; sourceTree = "<group>"; };
		B6AB0B4E1558C71F005605E0 /* OverlayView.xib */ = {isa = PBXFileReference; fileEncoding = 4; lastKnownFileType = file.xib; path = OverlayView.xib; sourceTree = "<group>"; };
		B6AB6930154A2AD900DE4A35 /* MainViewCell.xib */ = {isa = PBXFileReference; fileEncoding = 4; lastKnownFileType = file.xib; path = MainViewCell.xib; sourceTree = "<group>"; };
		B6AB693A154A407300DE4A35 /* grayArrow.png */ = {isa = PBXFileReference; lastKnownFileType = image.png; path = grayArrow.png; sourceTree = "<group>"; };
		B6AB693B154A407300DE4A35 /* grayArrow@2x.png */ = {isa = PBXFileReference; lastKnownFileType = image.png; path = "grayArrow@2x.png"; sourceTree = "<group>"; };
		B6AB693C154A407300DE4A35 /* blackArrow.png */ = {isa = PBXFileReference; lastKnownFileType = image.png; path = blackArrow.png; sourceTree = "<group>"; };
		B6AB693D154A407300DE4A35 /* blackArrow@2x.png */ = {isa = PBXFileReference; lastKnownFileType = image.png; path = "blackArrow@2x.png"; sourceTree = "<group>"; };
		B6AB693E154A407300DE4A35 /* blueArrow.png */ = {isa = PBXFileReference; lastKnownFileType = image.png; path = blueArrow.png; sourceTree = "<group>"; };
		B6AB693F154A407300DE4A35 /* blueArrow@2x.png */ = {isa = PBXFileReference; lastKnownFileType = image.png; path = "blueArrow@2x.png"; sourceTree = "<group>"; };
		B6AB6940154A407300DE4A35 /* whiteArrow.png */ = {isa = PBXFileReference; lastKnownFileType = image.png; path = whiteArrow.png; sourceTree = "<group>"; };
		B6AB6941154A407300DE4A35 /* whiteArrow@2x.png */ = {isa = PBXFileReference; lastKnownFileType = image.png; path = "whiteArrow@2x.png"; sourceTree = "<group>"; };
		B6AB694B154A40C000DE4A35 /* EGORefreshTableHeaderView.h */ = {isa = PBXFileReference; fileEncoding = 4; lastKnownFileType = sourcecode.c.h; path = EGORefreshTableHeaderView.h; sourceTree = "<group>"; };
		B6AB694C154A40C000DE4A35 /* EGORefreshTableHeaderView.m */ = {isa = PBXFileReference; fileEncoding = 4; lastKnownFileType = sourcecode.c.objc; path = EGORefreshTableHeaderView.m; sourceTree = "<group>"; };
		B6AB694E154A4D8B00DE4A35 /* QuartzCore.framework */ = {isa = PBXFileReference; lastKnownFileType = wrapper.framework; name = QuartzCore.framework; path = System/Library/Frameworks/QuartzCore.framework; sourceTree = SDKROOT; };
		B6AB6957154A95E300DE4A35 /* WaitingView.xib */ = {isa = PBXFileReference; fileEncoding = 4; lastKnownFileType = file.xib; path = WaitingView.xib; sourceTree = "<group>"; };
		B6AD73E21540F8D000C0BDEB /* AVFoundation.framework */ = {isa = PBXFileReference; lastKnownFileType = wrapper.framework; name = AVFoundation.framework; path = System/Library/Frameworks/AVFoundation.framework; sourceTree = SDKROOT; };
		B6AF5C8B153BAC9E0025E5A3 /* ReCloud_alpha_v4.app */ = {isa = PBXFileReference; explicitFileType = wrapper.application; includeInIndex = 0; path = ReCloud_alpha_v4.app; sourceTree = BUILT_PRODUCTS_DIR; };
		B6AF5C8F153BAC9E0025E5A3 /* UIKit.framework */ = {isa = PBXFileReference; lastKnownFileType = wrapper.framework; name = UIKit.framework; path = System/Library/Frameworks/UIKit.framework; sourceTree = SDKROOT; };
		B6AF5C91153BAC9E0025E5A3 /* Foundation.framework */ = {isa = PBXFileReference; lastKnownFileType = wrapper.framework; name = Foundation.framework; path = System/Library/Frameworks/Foundation.framework; sourceTree = SDKROOT; };
		B6AF5C93153BAC9E0025E5A3 /* CoreGraphics.framework */ = {isa = PBXFileReference; lastKnownFileType = wrapper.framework; name = CoreGraphics.framework; path = System/Library/Frameworks/CoreGraphics.framework; sourceTree = SDKROOT; };
		B6AF5C97153BAC9E0025E5A3 /* ReCloud-Info.plist */ = {isa = PBXFileReference; lastKnownFileType = text.plist.xml; path = "ReCloud-Info.plist"; sourceTree = "<group>"; };
		B6AF5C99153BAC9E0025E5A3 /* en */ = {isa = PBXFileReference; lastKnownFileType = text.plist.strings; name = en; path = en.lproj/InfoPlist.strings; sourceTree = "<group>"; };
		B6AF5C9B153BAC9E0025E5A3 /* main.m */ = {isa = PBXFileReference; lastKnownFileType = sourcecode.c.objc; path = main.m; sourceTree = "<group>"; };
		B6AF5C9D153BAC9E0025E5A3 /* ReCloud-Prefix.pch */ = {isa = PBXFileReference; lastKnownFileType = sourcecode.c.h; path = "ReCloud-Prefix.pch"; sourceTree = "<group>"; };
		B6AF5C9E153BAC9E0025E5A3 /* AppDelegate.h */ = {isa = PBXFileReference; lastKnownFileType = sourcecode.c.h; path = AppDelegate.h; sourceTree = "<group>"; };
		B6AF5C9F153BAC9E0025E5A3 /* AppDelegate.m */ = {isa = PBXFileReference; lastKnownFileType = sourcecode.c.objc; path = AppDelegate.m; sourceTree = "<group>"; };
		B6AF5CB2153BB5760025E5A3 /* Constants.h */ = {isa = PBXFileReference; fileEncoding = 4; lastKnownFileType = sourcecode.c.h; path = Constants.h; sourceTree = "<group>"; };
		B6AF5CBB153C10BD0025E5A3 /* RecordingViewController.h */ = {isa = PBXFileReference; fileEncoding = 4; lastKnownFileType = sourcecode.c.h; path = RecordingViewController.h; sourceTree = "<group>"; };
		B6AF5CBC153C10BD0025E5A3 /* RecordingViewController.m */ = {isa = PBXFileReference; fileEncoding = 4; lastKnownFileType = sourcecode.c.objc; path = RecordingViewController.m; sourceTree = "<group>"; };
		B6AF5CBD153C10BD0025E5A3 /* RecordingViewController.xib */ = {isa = PBXFileReference; fileEncoding = 4; lastKnownFileType = file.xib; path = RecordingViewController.xib; sourceTree = "<group>"; };
		B6AF9650154BDF0300CA87A4 /* overlay2.png */ = {isa = PBXFileReference; lastKnownFileType = image.png; path = overlay2.png; sourceTree = "<group>"; };
		B6BA4DAF1548DD9B003D1C91 /* EditingView.xib */ = {isa = PBXFileReference; fileEncoding = 4; lastKnownFileType = file.xib; path = EditingView.xib; sourceTree = "<group>"; };
		B6BA4DB21548E260003D1C91 /* overlay.png */ = {isa = PBXFileReference; lastKnownFileType = image.png; path = overlay.png; sourceTree = "<group>"; };
		B6BA4DB41548EFE3003D1C91 /* arrow.png */ = {isa = PBXFileReference; lastKnownFileType = image.png; path = arrow.png; sourceTree = "<group>"; };
		B6BA4DB615492363003D1C91 /* TagSliderView.h */ = {isa = PBXFileReference; fileEncoding = 4; lastKnownFileType = sourcecode.c.h; path = TagSliderView.h; sourceTree = "<group>"; };
		B6BA4DB715492363003D1C91 /* TagSliderView.m */ = {isa = PBXFileReference; fileEncoding = 4; lastKnownFileType = sourcecode.c.objc; path = TagSliderView.m; sourceTree = "<group>"; };
		B6C7E3AF156228BF00C10653 /* MainViewCell.h */ = {isa = PBXFileReference; fileEncoding = 4; lastKnownFileType = sourcecode.c.h; path = MainViewCell.h; sourceTree = "<group>"; };
		B6C7E3B0156228BF00C10653 /* MainViewCell.m */ = {isa = PBXFileReference; fileEncoding = 4; lastKnownFileType = sourcecode.c.objc; path = MainViewCell.m; sourceTree = "<group>"; };
		B6CC67821559FFE600AA81E2 /* TempView.xib */ = {isa = PBXFileReference; fileEncoding = 4; lastKnownFileType = file.xib; path = TempView.xib; sourceTree = "<group>"; };
		B6CC6786155A422F00AA81E2 /* wheel.png */ = {isa = PBXFileReference; lastKnownFileType = image.png; path = wheel.png; sourceTree = "<group>"; };
		B6D235AA1560989F00598F8A /* UINavigationBar+Customized.h */ = {isa = PBXFileReference; fileEncoding = 4; lastKnownFileType = sourcecode.c.h; path = "UINavigationBar+Customized.h"; sourceTree = "<group>"; };
		B6D235AB1560989F00598F8A /* UINavigationBar+Customized.m */ = {isa = PBXFileReference; fileEncoding = 4; lastKnownFileType = sourcecode.c.objc; path = "UINavigationBar+Customized.m"; sourceTree = "<group>"; };
		B6D235C31560E05800598F8A /* top_land.png */ = {isa = PBXFileReference; lastKnownFileType = image.png; path = top_land.png; sourceTree = "<group>"; };
		B6D235C41560E05800598F8A /* top_port.png */ = {isa = PBXFileReference; lastKnownFileType = image.png; path = top_port.png; sourceTree = "<group>"; };
		B6D235C71560E0E400598F8A /* bottom_01.png */ = {isa = PBXFileReference; lastKnownFileType = image.png; path = bottom_01.png; sourceTree = "<group>"; };
		B6D235C91560E11A00598F8A /* button_back.png */ = {isa = PBXFileReference; lastKnownFileType = image.png; path = button_back.png; sourceTree = "<group>"; };
		B6D235CB1560E3BE00598F8A /* button_setting.png */ = {isa = PBXFileReference; lastKnownFileType = image.png; path = button_setting.png; sourceTree = "<group>"; };
		B6D235CD1560E58000598F8A /* button_done.png */ = {isa = PBXFileReference; lastKnownFileType = image.png; path = button_done.png; sourceTree = "<group>"; };
		B6D235CF1560EB5C00598F8A /* bg.png */ = {isa = PBXFileReference; lastKnownFileType = image.png; path = bg.png; sourceTree = "<group>"; };
		B6D235D11560F8CF00598F8A /* shape_audiotape_bg.png */ = {isa = PBXFileReference; lastKnownFileType = image.png; path = shape_audiotape_bg.png; sourceTree = "<group>"; };
		B6D235D31560F8E400598F8A /* shape_audiotape.png */ = {isa = PBXFileReference; lastKnownFileType = image.png; path = shape_audiotape.png; sourceTree = "<group>"; };
		B6D235D51560FA7300598F8A /* shape_audiotape03.png */ = {isa = PBXFileReference; lastKnownFileType = image.png; path = shape_audiotape03.png; sourceTree = "<group>"; };
		B6D235D71561005400598F8A /* top.png */ = {isa = PBXFileReference; lastKnownFileType = image.png; path = top.png; sourceTree = "<group>"; };
		B6E41D02153D062800FC3366 /* MainViewController.h */ = {isa = PBXFileReference; fileEncoding = 4; lastKnownFileType = sourcecode.c.h; path = MainViewController.h; sourceTree = "<group>"; };
		B6E41D03153D062800FC3366 /* MainViewController.m */ = {isa = PBXFileReference; fileEncoding = 4; lastKnownFileType = sourcecode.c.objc; path = MainViewController.m; sourceTree = "<group>"; };
		B6E41D04153D062800FC3366 /* MainViewController.xib */ = {isa = PBXFileReference; fileEncoding = 4; lastKnownFileType = file.xib; path = MainViewController.xib; sourceTree = "<group>"; };
		B6E41D08153D0EC200FC3366 /* CustomCellView.xib */ = {isa = PBXFileReference; fileEncoding = 4; lastKnownFileType = file.xib; path = CustomCellView.xib; sourceTree = "<group>"; };
		B6E41D0B153D175400FC3366 /* newsstand_default.png */ = {isa = PBXFileReference; lastKnownFileType = image.png; path = newsstand_default.png; sourceTree = "<group>"; };
		B6E41D14153D312600FC3366 /* PlaybackViewController.h */ = {isa = PBXFileReference; fileEncoding = 4; lastKnownFileType = sourcecode.c.h; path = PlaybackViewController.h; sourceTree = "<group>"; };
		B6E41D15153D312600FC3366 /* PlaybackViewController.m */ = {isa = PBXFileReference; fileEncoding = 4; lastKnownFileType = sourcecode.c.objc; path = PlaybackViewController.m; sourceTree = "<group>"; };
		B6E41D16153D312600FC3366 /* PlaybackViewController.xib */ = {isa = PBXFileReference; fileEncoding = 4; lastKnownFileType = file.xib; path = PlaybackViewController.xib; sourceTree = "<group>"; };
		B6F37E1215400FE200C46C84 /* MAlertView.h */ = {isa = PBXFileReference; fileEncoding = 4; lastKnownFileType = sourcecode.c.h; path = MAlertView.h; sourceTree = "<group>"; };
		B6F37E1315400FE200C46C84 /* MAlertView.m */ = {isa = PBXFileReference; fileEncoding = 4; lastKnownFileType = sourcecode.c.objc; path = MAlertView.m; sourceTree = "<group>"; };
/* End PBXFileReference section */

/* Begin PBXFrameworksBuildPhase section */
		B6AF5C88153BAC9E0025E5A3 /* Frameworks */ = {
			isa = PBXFrameworksBuildPhase;
			buildActionMask = 2147483647;
			files = (
				B6AB694F154A4D8B00DE4A35 /* QuartzCore.framework in Frameworks */,
				B6AD73E31540F8D000C0BDEB /* AVFoundation.framework in Frameworks */,
				B6AF5C90153BAC9E0025E5A3 /* UIKit.framework in Frameworks */,
				B6AF5C92153BAC9E0025E5A3 /* Foundation.framework in Frameworks */,
				B6AF5C94153BAC9E0025E5A3 /* CoreGraphics.framework in Frameworks */,
			);
			runOnlyForDeploymentPostprocessing = 0;
		};
/* End PBXFrameworksBuildPhase section */

/* Begin PBXGroup section */
		B6A973F4155CBE84004B471D /* temp */ = {
			isa = PBXGroup;
			children = (
				B6CC6786155A422F00AA81E2 /* wheel.png */,
				B6BA4DB41548EFE3003D1C91 /* arrow.png */,
				B6E41D0B153D175400FC3366 /* newsstand_default.png */,
			);
			name = temp;
			sourceTree = "<group>";
		};
		B6AB694A154A40A100DE4A35 /* RefreshTableViewHeaderView */ = {
			isa = PBXGroup;
			children = (
				B6AB694B154A40C000DE4A35 /* EGORefreshTableHeaderView.h */,
				B6AB694C154A40C000DE4A35 /* EGORefreshTableHeaderView.m */,
			);
			name = RefreshTableViewHeaderView;
			sourceTree = "<group>";
		};
		B6AF5C80153BAC9D0025E5A3 = {
			isa = PBXGroup;
			children = (
				B6AF5C95153BAC9E0025E5A3 /* ReCloud */,
				B6AF5C8E153BAC9E0025E5A3 /* Frameworks */,
				B6AF5C8C153BAC9E0025E5A3 /* Products */,
			);
			sourceTree = "<group>";
		};
		B6AF5C8C153BAC9E0025E5A3 /* Products */ = {
			isa = PBXGroup;
			children = (
				B6AF5C8B153BAC9E0025E5A3 /* ReCloud_alpha_v4.app */,
			);
			name = Products;
			sourceTree = "<group>";
		};
		B6AF5C8E153BAC9E0025E5A3 /* Frameworks */ = {
			isa = PBXGroup;
			children = (
				B6AB694E154A4D8B00DE4A35 /* QuartzCore.framework */,
				B6AD73E21540F8D000C0BDEB /* AVFoundation.framework */,
				B6AF5C8F153BAC9E0025E5A3 /* UIKit.framework */,
				B6AF5C91153BAC9E0025E5A3 /* Foundation.framework */,
				B6AF5C93153BAC9E0025E5A3 /* CoreGraphics.framework */,
			);
			name = Frameworks;
			sourceTree = "<group>";
		};
		B6AF5C95153BAC9E0025E5A3 /* ReCloud */ = {
			isa = PBXGroup;
			children = (
				B6AF5CAE153BADA70025E5A3 /* Utils */,
				B6AF5CAD153BACCD0025E5A3 /* Resources */,
				B6AF5CAB153BACBA0025E5A3 /* Controller */,
				B6AF5C9E153BAC9E0025E5A3 /* AppDelegate.h */,
				B6AF5C9F153BAC9E0025E5A3 /* AppDelegate.m */,
				B6AF5C96153BAC9E0025E5A3 /* Supporting Files */,
			);
			path = ReCloud;
			sourceTree = "<group>";
		};
		B6AF5C96153BAC9E0025E5A3 /* Supporting Files */ = {
			isa = PBXGroup;
			children = (
				B6AF5C97153BAC9E0025E5A3 /* ReCloud-Info.plist */,
				B6AF5C98153BAC9E0025E5A3 /* InfoPlist.strings */,
				B6AF5C9B153BAC9E0025E5A3 /* main.m */,
				B6AF5C9D153BAC9E0025E5A3 /* ReCloud-Prefix.pch */,
			);
			name = "Supporting Files";
			sourceTree = "<group>";
		};
		B6AF5CAB153BACBA0025E5A3 /* Controller */ = {
			isa = PBXGroup;
			children = (
				B6AF5CBB153C10BD0025E5A3 /* RecordingViewController.h */,
				B6AF5CBC153C10BD0025E5A3 /* RecordingViewController.m */,
				B6E41D02153D062800FC3366 /* MainViewController.h */,
				B6E41D03153D062800FC3366 /* MainViewController.m */,
				B6E41D14153D312600FC3366 /* PlaybackViewController.h */,
				B6E41D15153D312600FC3366 /* PlaybackViewController.m */,
			);
			name = Controller;
			sourceTree = "<group>";
		};
		B6AF5CAC153BACC50025E5A3 /* UI */ = {
			isa = PBXGroup;
			children = (
				B6AF5CBD153C10BD0025E5A3 /* RecordingViewController.xib */,
				B6E41D16153D312600FC3366 /* PlaybackViewController.xib */,
				B6E41D04153D062800FC3366 /* MainViewController.xib */,
				B6E41D08153D0EC200FC3366 /* CustomCellView.xib */,
				B69F8839153E9B1E003044BF /* SliderBlockView.xib */,
				B6A11BDA1547AC0100456A6E /* TagView.xib */,
				B6BA4DAF1548DD9B003D1C91 /* EditingView.xib */,
				B6AB6930154A2AD900DE4A35 /* MainViewCell.xib */,
				B6AB6957154A95E300DE4A35 /* WaitingView.xib */,
				B6AB0B4E1558C71F005605E0 /* OverlayView.xib */,
				B6CC67821559FFE600AA81E2 /* TempView.xib */,
			);
			name = UI;
			sourceTree = "<group>";
		};
		B6AF5CAD153BACCD0025E5A3 /* Resources */ = {
			isa = PBXGroup;
			children = (
				B6E41D0A153D174800FC3366 /* pics */,
				B6AF5CAC153BACC50025E5A3 /* UI */,
			);
			name = Resources;
			sourceTree = "<group>";
		};
		B6AF5CAE153BADA70025E5A3 /* Utils */ = {
			isa = PBXGroup;
			children = (
				B6AB694A154A40A100DE4A35 /* RefreshTableViewHeaderView */,
				B6AF5CB2153BB5760025E5A3 /* Constants.h */,
				B6F37E1215400FE200C46C84 /* MAlertView.h */,
				B6F37E1315400FE200C46C84 /* MAlertView.m */,
				B6BA4DB615492363003D1C91 /* TagSliderView.h */,
				B6BA4DB715492363003D1C91 /* TagSliderView.m */,
				B6D235AA1560989F00598F8A /* UINavigationBar+Customized.h */,
				B6D235AB1560989F00598F8A /* UINavigationBar+Customized.m */,
				B6C7E3AF156228BF00C10653 /* MainViewCell.h */,
				B6C7E3B0156228BF00C10653 /* MainViewCell.m */,
			);
			name = Utils;
			sourceTree = "<group>";
		};
		B6E41D0A153D174800FC3366 /* pics */ = {
			isa = PBXGroup;
			children = (
				B6A973F4155CBE84004B471D /* temp */,
				B6AB693A154A407300DE4A35 /* grayArrow.png */,
				B6AB693B154A407300DE4A35 /* grayArrow@2x.png */,
				B6AB693C154A407300DE4A35 /* blackArrow.png */,
				B6AB693D154A407300DE4A35 /* blackArrow@2x.png */,
				B6AB693E154A407300DE4A35 /* blueArrow.png */,
				B6AB693F154A407300DE4A35 /* blueArrow@2x.png */,
				B6AB6940154A407300DE4A35 /* whiteArrow.png */,
				B6AB6941154A407300DE4A35 /* whiteArrow@2x.png */,
				B6BA4DB21548E260003D1C91 /* overlay.png */,
				B6AF9650154BDF0300CA87A4 /* overlay2.png */,
				B6D235C71560E0E400598F8A /* bottom_01.png */,
				B6A973FC155CBEC9004B471D /* button_edit.png */,
				B6D235C91560E11A00598F8A /* button_back.png */,
				B6D235CB1560E3BE00598F8A /* button_setting.png */,
				B6D235CD1560E58000598F8A /* button_done.png */,
				B6A5489215634A22002331B8 /* button_left.png */,
				B6A5489915634A30002331B8 /* button_right.png */,
				B6A5489315634A22002331B8 /* button_pause.png */,
				B6A5489415634A22002331B8 /* button_play.png */,
				B6A5489B15634B42002331B8 /* button_add.png */,
				B6A97402155CBECA004B471D /* filesize_bg.png */,
				B6A97404155CBECA004B471D /* icons_audiotape.png */,
				B6A5489D15639F24002331B8 /* osc_off.png */,
				B6A5489E15639F24002331B8 /* osc_on.png */,
				B6A97408155CBECA004B471D /* logo.png */,
				B6A97409155CBECA004B471D /* note_bg.png */,
				B6A9740A155CBECA004B471D /* note_point.png */,
				B6A4E3781564F14A00C27B15 /* note_point02.png */,
				B6D235D31560F8E400598F8A /* shape_audiotape.png */,
				B6D235D11560F8CF00598F8A /* shape_audiotape_bg.png */,
				B6D235D51560FA7300598F8A /* shape_audiotape03.png */,
				B6A4E3581564AD8C00C27B15 /* list_bg.png */,
				B6A4E3761564F13B00C27B15 /* list_bg_hover.png */,
				B6D235CF1560EB5C00598F8A /* bg.png */,
				B6D235D71561005400598F8A /* top.png */,
				B6D235C31560E05800598F8A /* top_land.png */,
				B6D235C41560E05800598F8A /* top_port.png */,
				B6A4E35A1564D32600C27B15 /* button_add_h.png */,
				B6A4E35B1564D32700C27B15 /* button_back_hover.png */,
				B6A4E35C1564D32700C27B15 /* button_done_hover.png */,
				B6A4E35D1564D32800C27B15 /* button_left_h.png */,
				B6A4E35E1564D32800C27B15 /* button_pause_h.png */,
				B6A4E35F1564D32800C27B15 /* button_play_h.png */,
				B6A4E3741564E9FF00C27B15 /* button_rec.png */,
				B6A4E3601564D32900C27B15 /* button_rec_hover.png */,
				B6A4E3611564D32900C27B15 /* button_recpause_hover.png */,
				B6A4E3621564D32900C27B15 /* button_recpause.png */,
				B6A4E3631564D32A00C27B15 /* button_right_h.png */,
				B6A4E3641564D32A00C27B15 /* button_setting_hover.png */,
				B6A4E3651564D32A00C27B15 /* guide_01.png */,
				B6A4E3661564D32A00C27B15 /* guide_02.png */,
			);
			name = pics;
			sourceTree = "<group>";
		};
/* End PBXGroup section */

/* Begin PBXNativeTarget section */
		B6AF5C8A153BAC9E0025E5A3 /* ReCloud */ = {
			isa = PBXNativeTarget;
			buildConfigurationList = B6AF5CA3153BAC9E0025E5A3 /* Build configuration list for PBXNativeTarget "ReCloud" */;
			buildPhases = (
				B6AF5C87153BAC9E0025E5A3 /* Sources */,
				B6AF5C88153BAC9E0025E5A3 /* Frameworks */,
				B6AF5C89153BAC9E0025E5A3 /* Resources */,
			);
			buildRules = (
			);
			dependencies = (
			);
			name = ReCloud;
			productName = ReCloud;
			productReference = B6AF5C8B153BAC9E0025E5A3 /* ReCloud_alpha_v4.app */;
			productType = "com.apple.product-type.application";
		};
/* End PBXNativeTarget section */

/* Begin PBXProject section */
		B6AF5C82153BAC9D0025E5A3 /* Project object */ = {
			isa = PBXProject;
			attributes = {
				LastUpgradeCheck = 0420;
			};
			buildConfigurationList = B6AF5C85153BAC9D0025E5A3 /* Build configuration list for PBXProject "ReCloud" */;
			compatibilityVersion = "Xcode 3.2";
			developmentRegion = English;
			hasScannedForEncodings = 0;
			knownRegions = (
				en,
			);
			mainGroup = B6AF5C80153BAC9D0025E5A3;
			productRefGroup = B6AF5C8C153BAC9E0025E5A3 /* Products */;
			projectDirPath = "";
			projectRoot = "";
			targets = (
				B6AF5C8A153BAC9E0025E5A3 /* ReCloud */,
			);
		};
/* End PBXProject section */

/* Begin PBXResourcesBuildPhase section */
		B6AF5C89153BAC9E0025E5A3 /* Resources */ = {
			isa = PBXResourcesBuildPhase;
			buildActionMask = 2147483647;
			files = (
				B6AF5C9A153BAC9E0025E5A3 /* InfoPlist.strings in Resources */,
				B6AF5CBF153C10BD0025E5A3 /* RecordingViewController.xib in Resources */,
				B6E41D06153D062800FC3366 /* MainViewController.xib in Resources */,
				B6E41D09153D0EC200FC3366 /* CustomCellView.xib in Resources */,
				B6E41D0C153D175400FC3366 /* newsstand_default.png in Resources */,
				B6E41D18153D312600FC3366 /* PlaybackViewController.xib in Resources */,
				B69F883A153E9B1E003044BF /* SliderBlockView.xib in Resources */,
				B6A11BDB1547AC0100456A6E /* TagView.xib in Resources */,
				B6BA4DB01548DD9B003D1C91 /* EditingView.xib in Resources */,
				B6BA4DB31548E260003D1C91 /* overlay.png in Resources */,
				B6BA4DB51548EFE3003D1C91 /* arrow.png in Resources */,
				B6AB6931154A2AD900DE4A35 /* MainViewCell.xib in Resources */,
				B6AB6942154A407300DE4A35 /* grayArrow.png in Resources */,
				B6AB6943154A407300DE4A35 /* grayArrow@2x.png in Resources */,
				B6AB6944154A407300DE4A35 /* blackArrow.png in Resources */,
				B6AB6945154A407300DE4A35 /* blackArrow@2x.png in Resources */,
				B6AB6946154A407300DE4A35 /* blueArrow.png in Resources */,
				B6AB6947154A407300DE4A35 /* blueArrow@2x.png in Resources */,
				B6AB6948154A407300DE4A35 /* whiteArrow.png in Resources */,
				B6AB6949154A407300DE4A35 /* whiteArrow@2x.png in Resources */,
				B6AB6958154A95E300DE4A35 /* WaitingView.xib in Resources */,
				B6AF9651154BDF0300CA87A4 /* overlay2.png in Resources */,
				B6AB0B4F1558C71F005605E0 /* OverlayView.xib in Resources */,
				B6CC67831559FFE600AA81E2 /* TempView.xib in Resources */,
				B6CC6787155A422F00AA81E2 /* wheel.png in Resources */,
				B6A9741B155CBECA004B471D /* button_edit.png in Resources */,
				B6A97421155CBECA004B471D /* filesize_bg.png in Resources */,
				B6A97423155CBECA004B471D /* icons_audiotape.png in Resources */,
				B6A97427155CBECA004B471D /* logo.png in Resources */,
				B6A97428155CBECA004B471D /* note_bg.png in Resources */,
				B6A97429155CBECA004B471D /* note_point.png in Resources */,
				B6D235C51560E05900598F8A /* top_land.png in Resources */,
				B6D235C61560E05900598F8A /* top_port.png in Resources */,
				B6D235C81560E0E400598F8A /* bottom_01.png in Resources */,
				B6D235CA1560E11A00598F8A /* button_back.png in Resources */,
				B6D235CC1560E3BE00598F8A /* button_setting.png in Resources */,
				B6D235CE1560E58100598F8A /* button_done.png in Resources */,
				B6D235D01560EB5C00598F8A /* bg.png in Resources */,
				B6D235D21560F8CF00598F8A /* shape_audiotape_bg.png in Resources */,
				B6D235D41560F8E400598F8A /* shape_audiotape.png in Resources */,
				B6D235D61560FA7300598F8A /* shape_audiotape03.png in Resources */,
				B6D235D81561005500598F8A /* top.png in Resources */,
				B6A5489515634A22002331B8 /* button_left.png in Resources */,
				B6A5489615634A22002331B8 /* button_pause.png in Resources */,
				B6A5489715634A22002331B8 /* button_play.png in Resources */,
				B6A5489A15634A30002331B8 /* button_right.png in Resources */,
				B6A5489C15634B42002331B8 /* button_add.png in Resources */,
				B6A5489F15639F24002331B8 /* osc_off.png in Resources */,
				B6A548A015639F24002331B8 /* osc_on.png in Resources */,
				B6A4E3591564AD8C00C27B15 /* list_bg.png in Resources */,
				B6A4E3671564D32B00C27B15 /* button_add_h.png in Resources */,
				B6A4E3681564D32B00C27B15 /* button_back_hover.png in Resources */,
				B6A4E3691564D32B00C27B15 /* button_done_hover.png in Resources */,
				B6A4E36A1564D32B00C27B15 /* button_left_h.png in Resources */,
				B6A4E36B1564D32B00C27B15 /* button_pause_h.png in Resources */,
				B6A4E36C1564D32B00C27B15 /* button_play_h.png in Resources */,
				B6A4E36D1564D32B00C27B15 /* button_rec_hover.png in Resources */,
				B6A4E36E1564D32B00C27B15 /* button_recpause_hover.png in Resources */,
				B6A4E36F1564D32B00C27B15 /* button_recpause.png in Resources */,
				B6A4E3701564D32B00C27B15 /* button_right_h.png in Resources */,
				B6A4E3711564D32B00C27B15 /* button_setting_hover.png in Resources */,
				B6A4E3721564D32B00C27B15 /* guide_01.png in Resources */,
				B6A4E3731564D32B00C27B15 /* guide_02.png in Resources */,
				B6A4E3751564EA0000C27B15 /* button_rec.png in Resources */,
				B6A4E3771564F13D00C27B15 /* list_bg_hover.png in Resources */,
				B6A4E3791564F14C00C27B15 /* note_point02.png in Resources */,
			);
			runOnlyForDeploymentPostprocessing = 0;
		};
/* End PBXResourcesBuildPhase section */

/* Begin PBXSourcesBuildPhase section */
		B6AF5C87153BAC9E0025E5A3 /* Sources */ = {
			isa = PBXSourcesBuildPhase;
			buildActionMask = 2147483647;
			files = (
				B6AF5C9C153BAC9E0025E5A3 /* main.m in Sources */,
				B6AF5CA0153BAC9E0025E5A3 /* AppDelegate.m in Sources */,
				B6AF5CBE153C10BD0025E5A3 /* RecordingViewController.m in Sources */,
				B6E41D05153D062800FC3366 /* MainViewController.m in Sources */,
				B6E41D17153D312600FC3366 /* PlaybackViewController.m in Sources */,
				B6F37E1415400FE200C46C84 /* MAlertView.m in Sources */,
				B6BA4DB815492363003D1C91 /* TagSliderView.m in Sources */,
				B6AB694D154A40C000DE4A35 /* EGORefreshTableHeaderView.m in Sources */,
				B6D235AC1560989F00598F8A /* UINavigationBar+Customized.m in Sources */,
				B6C7E3B1156228BF00C10653 /* MainViewCell.m in Sources */,
			);
			runOnlyForDeploymentPostprocessing = 0;
		};
/* End PBXSourcesBuildPhase section */

/* Begin PBXVariantGroup section */
		B6AF5C98153BAC9E0025E5A3 /* InfoPlist.strings */ = {
			isa = PBXVariantGroup;
			children = (
				B6AF5C99153BAC9E0025E5A3 /* en */,
			);
			name = InfoPlist.strings;
			sourceTree = "<group>";
		};
/* End PBXVariantGroup section */

/* Begin XCBuildConfiguration section */
		B6AF5CA1153BAC9E0025E5A3 /* Debug */ = {
			isa = XCBuildConfiguration;
			buildSettings = {
				ALWAYS_SEARCH_USER_PATHS = NO;
				ARCHS = "$(ARCHS_STANDARD_32_BIT)";
				"CODE_SIGN_IDENTITY[sdk=iphoneos*]" = "iPhone Developer";
				COPY_PHASE_STRIP = NO;
				GCC_C_LANGUAGE_STANDARD = gnu99;
				GCC_DYNAMIC_NO_PIC = NO;
				GCC_OPTIMIZATION_LEVEL = 0;
				GCC_PREPROCESSOR_DEFINITIONS = (
					"DEBUG=1",
					"$(inherited)",
				);
				GCC_SYMBOLS_PRIVATE_EXTERN = NO;
				GCC_VERSION = com.apple.compilers.llvm.clang.1_0;
				GCC_WARN_ABOUT_MISSING_PROTOTYPES = YES;
				GCC_WARN_ABOUT_RETURN_TYPE = YES;
				GCC_WARN_UNUSED_VARIABLE = YES;
				IPHONEOS_DEPLOYMENT_TARGET = 4.0;
				SDKROOT = iphoneos5.0;
				TARGETED_DEVICE_FAMILY = "1,2";
			};
			name = Debug;
		};
		B6AF5CA2153BAC9E0025E5A3 /* Release */ = {
			isa = XCBuildConfiguration;
			buildSettings = {
				ALWAYS_SEARCH_USER_PATHS = NO;
				ARCHS = "$(ARCHS_STANDARD_32_BIT)";
				"CODE_SIGN_IDENTITY[sdk=iphoneos*]" = "iPhone Developer";
				COPY_PHASE_STRIP = YES;
				GCC_C_LANGUAGE_STANDARD = gnu99;
				GCC_VERSION = com.apple.compilers.llvm.clang.1_0;
				GCC_WARN_ABOUT_MISSING_PROTOTYPES = YES;
				GCC_WARN_ABOUT_RETURN_TYPE = YES;
				GCC_WARN_UNUSED_VARIABLE = YES;
				IPHONEOS_DEPLOYMENT_TARGET = 4.0;
				OTHER_CFLAGS = "-DNS_BLOCK_ASSERTIONS=1";
				SDKROOT = iphoneos5.0;
				TARGETED_DEVICE_FAMILY = "1,2";
				VALIDATE_PRODUCT = YES;
			};
			name = Release;
		};
		B6AF5CA4153BAC9E0025E5A3 /* Debug */ = {
			isa = XCBuildConfiguration;
			buildSettings = {
				GCC_PRECOMPILE_PREFIX_HEADER = YES;
				GCC_PREFIX_HEADER = "ReCloud/ReCloud-Prefix.pch";
				INFOPLIST_FILE = "ReCloud/ReCloud-Info.plist";
				PRODUCT_NAME = ReCloud_alpha_v4;
				WRAPPER_EXTENSION = app;
			};
			name = Debug;
		};
		B6AF5CA5153BAC9E0025E5A3 /* Release */ = {
			isa = XCBuildConfiguration;
			buildSettings = {
				GCC_PRECOMPILE_PREFIX_HEADER = YES;
				GCC_PREFIX_HEADER = "ReCloud/ReCloud-Prefix.pch";
				INFOPLIST_FILE = "ReCloud/ReCloud-Info.plist";
				PRODUCT_NAME = ReCloud_alpha_v4;
				WRAPPER_EXTENSION = app;
			};
			name = Release;
		};
/* End XCBuildConfiguration section */

/* Begin XCConfigurationList section */
		B6AF5C85153BAC9D0025E5A3 /* Build configuration list for PBXProject "ReCloud" */ = {
			isa = XCConfigurationList;
			buildConfigurations = (
				B6AF5CA1153BAC9E0025E5A3 /* Debug */,
				B6AF5CA2153BAC9E0025E5A3 /* Release */,
			);
			defaultConfigurationIsVisible = 0;
			defaultConfigurationName = Release;
		};
		B6AF5CA3153BAC9E0025E5A3 /* Build configuration list for PBXNativeTarget "ReCloud" */ = {
			isa = XCConfigurationList;
			buildConfigurations = (
				B6AF5CA4153BAC9E0025E5A3 /* Debug */,
				B6AF5CA5153BAC9E0025E5A3 /* Release */,
			);
			defaultConfigurationIsVisible = 0;
			defaultConfigurationName = Release;
		};
/* End XCConfigurationList section */
	};
	rootObject = B6AF5C82153BAC9D0025E5A3 /* Project object */;
}
